
Microsoft Visual Studio Solution File, Format Version 12.00
# Visual Studio Version 17
VisualStudioVersion = 17.13.35825.156 d17.13
MinimumVisualStudioVersion = 10.0.40219.1
Project("{FAE04EC0-301F-11D3-BF4B-00C04F79EFBC}") = "POEPart1-VenueBookingSystem", "POEPart1-VenueBookingSystem.csproj", "{A405C22B-866E-47CE-BFB5-A1A9FE2D92C7}"
EndProject
Global
	GlobalSection(SolutionConfigurationPlatforms) = preSolution
		Debug|Any CPU = Debug|Any CPU
		Release|Any CPU = Release|Any CPU
	EndGlobalSection
	GlobalSection(ProjectConfigurationPlatforms) = postSolution
		{A405C22B-866E-47CE-BFB5-A1A9FE2D92C7}.Debug|Any CPU.ActiveCfg = Debug|Any CPU
		{A405C22B-866E-47CE-BFB5-A1A9FE2D92C7}.Debug|Any CPU.Build.0 = Debug|Any CPU
		{A405C22B-866E-47CE-BFB5-A1A9FE2D92C7}.Release|Any CPU.ActiveCfg = Release|Any CPU
		{A405C22B-866E-47CE-BFB5-A1A9FE2D92C7}.Release|Any CPU.Build.0 = Release|Any CPU
	EndGlobalSection
	GlobalSection(SolutionProperties) = preSolution
		HideSolutionNode = FALSE
	EndGlobalSection
	GlobalSection(ExtensibilityGlobals) = postSolution
		SolutionGuid = {CD717062-FF5C-4F6C-91F6-BD72F9897469}
	EndGlobalSection
EndGlobal
